
Microsoft Visual Studio Solution File, Format Version 12.00
# Visual Studio Version 17
VisualStudioVersion = 17.5.002.0
MinimumVisualStudioVersion = 10.0.40219.1
Project("{9A19103F-16F7-4668-BE54-9A1E7A4F7556}") = "Laba9", "Laba9.csproj", "{E9F5601B-D1B1-4B1C-B37E-26D8B1B2E3F3}"
EndProject
Global
	GlobalSection(SolutionConfigurationPlatforms) = preSolution
		Debug|Any CPU = Debug|Any CPU
		Release|Any CPU = Release|Any CPU
	EndGlobalSection
	GlobalSection(ProjectConfigurationPlatforms) = postSolution
		{E9F5601B-D1B1-4B1C-B37E-26D8B1B2E3F3}.Debug|Any CPU.ActiveCfg = Debug|Any CPU
		{E9F5601B-D1B1-4B1C-B37E-26D8B1B2E3F3}.Debug|Any CPU.Build.0 = Debug|Any CPU
		{E9F5601B-D1B1-4B1C-B37E-26D8B1B2E3F3}.Release|Any CPU.ActiveCfg = Release|Any CPU
		{E9F5601B-D1B1-4B1C-B37E-26D8B1B2E3F3}.Release|Any CPU.Build.0 = Release|Any CPU
	EndGlobalSection
	GlobalSection(SolutionProperties) = preSolution
		HideSolutionNode = FALSE
	EndGlobalSection
	GlobalSection(ExtensibilityGlobals) = postSolution
		SolutionGuid = {AE1CA600-7AF1-4422-85AB-23CBE0A80B53}
	EndGlobalSection
EndGlobal
